
Microsoft Visual Studio Solution File, Format Version 12.00
# Visual Studio Version 16
VisualStudioVersion = 16.0.30523.141
MinimumVisualStudioVersion = 10.0.40219.1
Project("{FAE04EC0-301F-11D3-BF4B-00C04F79EFBC}") = "ossHW", "Indexer\ossHW.csproj", "{F626AB0C-4BA2-4516-A723-D61578DA7874}"
EndProject
Project("{FAE04EC0-301F-11D3-BF4B-00C04F79EFBC}") = "ossHW6", "ossHW6\ossHW6.csproj", "{2F2E6B8E-E8D7-42B0-87E3-619C6742AEC2}"
EndProject
Global
	GlobalSection(SolutionConfigurationPlatforms) = preSolution
		Debug|Any CPU = Debug|Any CPU
		Release|Any CPU = Release|Any CPU
	EndGlobalSection
	GlobalSection(ProjectConfigurationPlatforms) = postSolution
		{F626AB0C-4BA2-4516-A723-D61578DA7874}.Debug|Any CPU.ActiveCfg = Debug|Any CPU
		{F626AB0C-4BA2-4516-A723-D61578DA7874}.Debug|Any CPU.Build.0 = Debug|Any CPU
		{F626AB0C-4BA2-4516-A723-D61578DA7874}.Release|Any CPU.ActiveCfg = Release|Any CPU
		{F626AB0C-4BA2-4516-A723-D61578DA7874}.Release|Any CPU.Build.0 = Release|Any CPU
		{2F2E6B8E-E8D7-42B0-87E3-619C6742AEC2}.Debug|Any CPU.ActiveCfg = Debug|Any CPU
		{2F2E6B8E-E8D7-42B0-87E3-619C6742AEC2}.Debug|Any CPU.Build.0 = Debug|Any CPU
		{2F2E6B8E-E8D7-42B0-87E3-619C6742AEC2}.Release|Any CPU.ActiveCfg = Release|Any CPU
		{2F2E6B8E-E8D7-42B0-87E3-619C6742AEC2}.Release|Any CPU.Build.0 = Release|Any CPU
	EndGlobalSection
	GlobalSection(SolutionProperties) = preSolution
		HideSolutionNode = FALSE
	EndGlobalSection
	GlobalSection(ExtensibilityGlobals) = postSolution
		SolutionGuid = {0788E754-9AC0-46ED-90F4-D61BD944AC85}
	EndGlobalSection
EndGlobal
